// !$*UTF8*$!
{
	archiveVersion = 1;
	classes = {
	};
	objectVersion = 46;
	objects = {

/* Begin PBXBuildFile section */
		223CEF6716FA2FF100827DE4 /* AWSiOSSDK.framework in Frameworks */ = {isa = PBXBuildFile; fileRef = 223CEF6616FA2FF100827DE4 /* AWSiOSSDK.framework */; };
		22ED2A8116C79EAB00A8A05F /* 114x114-aws.png in Resources */ = {isa = PBXBuildFile; fileRef = 22ED2A8016C79EAB00A8A05F /* 114x114-aws.png */; };
		22ED2A8316C79EB200A8A05F /* 57x57-aws.png in Resources */ = {isa = PBXBuildFile; fileRef = 22ED2A8216C79EB200A8A05F /* 57x57-aws.png */; };
		CE65E7D7160B9223000F1A54 /* Default-568h@2x.png in Resources */ = {isa = PBXBuildFile; fileRef = CE65E7D6160B9223000F1A54 /* Default-568h@2x.png */; };
		D054DC7113E874820005B88E /* AmazonClientManager.m in Sources */ = {isa = PBXBuildFile; fileRef = D054DC3113E874820005B88E /* AmazonClientManager.m */; };
		D054DC7413E874820005B88E /* Constants.m in Sources */ = {isa = PBXBuildFile; fileRef = D054DC3713E874820005B88E /* Constants.m */; };
		D054DC7513E874820005B88E /* AddBucketViewController.m in Sources */ = {isa = PBXBuildFile; fileRef = D054DC3A13E874820005B88E /* AddBucketViewController.m */; };
		D054DC7613E874820005B88E /* AddBucketViewController.xib in Resources */ = {isa = PBXBuildFile; fileRef = D054DC3B13E874820005B88E /* AddBucketViewController.xib */; };
		D054DC7713E874820005B88E /* AddObjectViewController.m in Sources */ = {isa = PBXBuildFile; fileRef = D054DC3D13E874820005B88E /* AddObjectViewController.m */; };
		D054DC7813E874820005B88E /* AddObjectViewController.xib in Resources */ = {isa = PBXBuildFile; fileRef = D054DC3E13E874820005B88E /* AddObjectViewController.xib */; };
		D054DC7913E874820005B88E /* BucketList.m in Sources */ = {isa = PBXBuildFile; fileRef = D054DC4013E874820005B88E /* BucketList.m */; };
		D054DC7B13E874820005B88E /* ObjectListing.m in Sources */ = {isa = PBXBuildFile; fileRef = D054DC4313E874820005B88E /* ObjectListing.m */; };
		D054DC7D13E874820005B88E /* ObjectViewController.m in Sources */ = {isa = PBXBuildFile; fileRef = D054DC4613E874820005B88E /* ObjectViewController.m */; };
		D054DC7E13E874820005B88E /* ObjectViewController.xib in Resources */ = {isa = PBXBuildFile; fileRef = D054DC4713E874820005B88E /* ObjectViewController.xib */; };
		D054DC8113E874820005B88E /* S3ResponseHandler.m in Sources */ = {isa = PBXBuildFile; fileRef = D054DC4C13E874820005B88E /* S3ResponseHandler.m */; };
		D0A0E33713E873F000601B8D /* UIKit.framework in Frameworks */ = {isa = PBXBuildFile; fileRef = D0A0E33613E873F000601B8D /* UIKit.framework */; };
		D0A0E33913E873F000601B8D /* Foundation.framework in Frameworks */ = {isa = PBXBuildFile; fileRef = D0A0E33813E873F000601B8D /* Foundation.framework */; };
		D0A0E33B13E873F000601B8D /* CoreGraphics.framework in Frameworks */ = {isa = PBXBuildFile; fileRef = D0A0E33A13E873F000601B8D /* CoreGraphics.framework */; };
		D0A0E34113E873F000601B8D /* InfoPlist.strings in Resources */ = {isa = PBXBuildFile; fileRef = D0A0E33F13E873F000601B8D /* InfoPlist.strings */; };
		D0A0E34413E873F000601B8D /* main.m in Sources */ = {isa = PBXBuildFile; fileRef = D0A0E34313E873F000601B8D /* main.m */; };
		D0A0E34713E873F000601B8D /* AppDelegate.m in Sources */ = {isa = PBXBuildFile; fileRef = D0A0E34613E873F000601B8D /* AppDelegate.m */; };
		D0A0E34D13E873F000601B8D /* AWSiOSDemoViewController.m in Sources */ = {isa = PBXBuildFile; fileRef = D0A0E34C13E873F000601B8D /* AWSiOSDemoViewController.m */; };
		D0A0E35013E873F000601B8D /* AWSiOSDemoViewController.xib in Resources */ = {isa = PBXBuildFile; fileRef = D0A0E34E13E873F000601B8D /* AWSiOSDemoViewController.xib */; };
/* End PBXBuildFile section */

/* Begin PBXFileReference section */
		223CEF6616FA2FF100827DE4 /* AWSiOSSDK.framework */ = {isa = PBXFileReference; lastKnownFileType = wrapper.framework; name = AWSiOSSDK.framework; path = ../AWSiOSSDK.framework; sourceTree = "<group>"; };
		22ED2A8016C79EAB00A8A05F /* 114x114-aws.png */ = {isa = PBXFileReference; lastKnownFileType = image.png; name = "114x114-aws.png"; path = "../114x114-aws.png"; sourceTree = "<group>"; };
		22ED2A8216C79EB200A8A05F /* 57x57-aws.png */ = {isa = PBXFileReference; lastKnownFileType = image.png; name = "57x57-aws.png"; path = "../57x57-aws.png"; sourceTree = "<group>"; };
		CE65E7D6160B9223000F1A54 /* Default-568h@2x.png */ = {isa = PBXFileReference; lastKnownFileType = image.png; path = "Default-568h@2x.png"; sourceTree = "<group>"; };
		D054DC3013E874820005B88E /* AmazonClientManager.h */ = {isa = PBXFileReference; fileEncoding = 4; lastKnownFileType = sourcecode.c.h; path = AmazonClientManager.h; sourceTree = "<group>"; };
		D054DC3113E874820005B88E /* AmazonClientManager.m */ = {isa = PBXFileReference; fileEncoding = 4; lastKnownFileType = sourcecode.c.objc; path = AmazonClientManager.m; sourceTree = "<group>"; };
		D054DC3613E874820005B88E /* Constants.h */ = {isa = PBXFileReference; fileEncoding = 4; lastKnownFileType = sourcecode.c.h; path = Constants.h; sourceTree = "<group>"; };
		D054DC3713E874820005B88E /* Constants.m */ = {isa = PBXFileReference; fileEncoding = 4; lastKnownFileType = sourcecode.c.objc; path = Constants.m; sourceTree = "<group>"; };
		D054DC3913E874820005B88E /* AddBucketViewController.h */ = {isa = PBXFileReference; fileEncoding = 4; lastKnownFileType = sourcecode.c.h; path = AddBucketViewController.h; sourceTree = "<group>"; };
		D054DC3A13E874820005B88E /* AddBucketViewController.m */ = {isa = PBXFileReference; fileEncoding = 4; lastKnownFileType = sourcecode.c.objc; path = AddBucketViewController.m; sourceTree = "<group>"; };
		D054DC3B13E874820005B88E /* AddBucketViewController.xib */ = {isa = PBXFileReference; fileEncoding = 4; lastKnownFileType = file.xib; path = AddBucketViewController.xib; sourceTree = "<group>"; };
		D054DC3C13E874820005B88E /* AddObjectViewController.h */ = {isa = PBXFileReference; fileEncoding = 4; lastKnownFileType = sourcecode.c.h; path = AddObjectViewController.h; sourceTree = "<group>"; };
		D054DC3D13E874820005B88E /* AddObjectViewController.m */ = {isa = PBXFileReference; fileEncoding = 4; lastKnownFileType = sourcecode.c.objc; path = AddObjectViewController.m; sourceTree = "<group>"; };
		D054DC3E13E874820005B88E /* AddObjectViewController.xib */ = {isa = PBXFileReference; fileEncoding = 4; lastKnownFileType = file.xib; path = AddObjectViewController.xib; sourceTree = "<group>"; };
		D054DC3F13E874820005B88E /* BucketList.h */ = {isa = PBXFileReference; fileEncoding = 4; lastKnownFileType = sourcecode.c.h; path = BucketList.h; sourceTree = "<group>"; };
		D054DC4013E874820005B88E /* BucketList.m */ = {isa = PBXFileReference; fileEncoding = 4; lastKnownFileType = sourcecode.c.objc; path = BucketList.m; sourceTree = "<group>"; };
		D054DC4213E874820005B88E /* ObjectListing.h */ = {isa = PBXFileReference; fileEncoding = 4; lastKnownFileType = sourcecode.c.h; path = ObjectListing.h; sourceTree = "<group>"; };
		D054DC4313E874820005B88E /* ObjectListing.m */ = {isa = PBXFileReference; fileEncoding = 4; lastKnownFileType = sourcecode.c.objc; path = ObjectListing.m; sourceTree = "<group>"; };
		D054DC4513E874820005B88E /* ObjectViewController.h */ = {isa = PBXFileReference; fileEncoding = 4; lastKnownFileType = sourcecode.c.h; path = ObjectViewController.h; sourceTree = "<group>"; };
		D054DC4613E874820005B88E /* ObjectViewController.m */ = {isa = PBXFileReference; fileEncoding = 4; lastKnownFileType = sourcecode.c.objc; path = ObjectViewController.m; sourceTree = "<group>"; };
		D054DC4713E874820005B88E /* ObjectViewController.xib */ = {isa = PBXFileReference; fileEncoding = 4; lastKnownFileType = file.xib; path = ObjectViewController.xib; sourceTree = "<group>"; };
		D054DC4B13E874820005B88E /* S3ResponseHandler.h */ = {isa = PBXFileReference; fileEncoding = 4; lastKnownFileType = sourcecode.c.h; path = S3ResponseHandler.h; sourceTree = "<group>"; };
		D054DC4C13E874820005B88E /* S3ResponseHandler.m */ = {isa = PBXFileReference; fileEncoding = 4; lastKnownFileType = sourcecode.c.objc; path = S3ResponseHandler.m; sourceTree = "<group>"; };
		D0A0E33213E873F000601B8D /* AWS-S3.app */ = {isa = PBXFileReference; explicitFileType = wrapper.application; includeInIndex = 0; path = "AWS-S3.app"; sourceTree = BUILT_PRODUCTS_DIR; };
		D0A0E33613E873F000601B8D /* UIKit.framework */ = {isa = PBXFileReference; lastKnownFileType = wrapper.framework; name = UIKit.framework; path = System/Library/Frameworks/UIKit.framework; sourceTree = SDKROOT; };
		D0A0E33813E873F000601B8D /* Foundation.framework */ = {isa = PBXFileReference; lastKnownFileType = wrapper.framework; name = Foundation.framework; path = System/Library/Frameworks/Foundation.framework; sourceTree = SDKROOT; };
		D0A0E33A13E873F000601B8D /* CoreGraphics.framework */ = {isa = PBXFileReference; lastKnownFileType = wrapper.framework; name = CoreGraphics.framework; path = System/Library/Frameworks/CoreGraphics.framework; sourceTree = SDKROOT; };
		D0A0E33E13E873F000601B8D /* Info.plist */ = {isa = PBXFileReference; lastKnownFileType = text.plist.xml; path = Info.plist; sourceTree = "<group>"; };
		D0A0E34013E873F000601B8D /* en */ = {isa = PBXFileReference; lastKnownFileType = text.plist.strings; name = en; path = en.lproj/InfoPlist.strings; sourceTree = "<group>"; };
		D0A0E34213E873F000601B8D /* AWS-S3-Prefix.pch */ = {isa = PBXFileReference; lastKnownFileType = sourcecode.c.h; path = "AWS-S3-Prefix.pch"; sourceTree = "<group>"; };
		D0A0E34313E873F000601B8D /* main.m */ = {isa = PBXFileReference; lastKnownFileType = sourcecode.c.objc; path = main.m; sourceTree = "<group>"; };
		D0A0E34513E873F000601B8D /* AppDelegate.h */ = {isa = PBXFileReference; lastKnownFileType = sourcecode.c.h; name = AppDelegate.h; path = ../AppDelegate.h; sourceTree = "<group>"; };
		D0A0E34613E873F000601B8D /* AppDelegate.m */ = {isa = PBXFileReference; lastKnownFileType = sourcecode.c.objc; name = AppDelegate.m; path = ../AppDelegate.m; sourceTree = "<group>"; };
		D0A0E34B13E873F000601B8D /* AWSiOSDemoViewController.h */ = {isa = PBXFileReference; lastKnownFileType = sourcecode.c.h; name = AWSiOSDemoViewController.h; path = ../AWSiOSDemoViewController.h; sourceTree = "<group>"; };
		D0A0E34C13E873F000601B8D /* AWSiOSDemoViewController.m */ = {isa = PBXFileReference; lastKnownFileType = sourcecode.c.objc; name = AWSiOSDemoViewController.m; path = ../AWSiOSDemoViewController.m; sourceTree = "<group>"; };
		D0A0E34F13E873F000601B8D /* en */ = {isa = PBXFileReference; lastKnownFileType = file.xib; name = en; path = en.lproj/AWSiOSDemoViewController.xib; sourceTree = "<group>"; };
/* End PBXFileReference section */

/* Begin PBXFrameworksBuildPhase section */
		D0A0E32F13E873F000601B8D /* Frameworks */ = {
			isa = PBXFrameworksBuildPhase;
			buildActionMask = 2147483647;
			files = (
				D0A0E33713E873F000601B8D /* UIKit.framework in Frameworks */,
				D0A0E33913E873F000601B8D /* Foundation.framework in Frameworks */,
				D0A0E33B13E873F000601B8D /* CoreGraphics.framework in Frameworks */,
				223CEF6716FA2FF100827DE4 /* AWSiOSSDK.framework in Frameworks */,
			);
			runOnlyForDeploymentPostprocessing = 0;
		};
/* End PBXFrameworksBuildPhase section */

/* Begin PBXGroup section */
		D054DC2F13E874820005B88E /* Classes */ = {
			isa = PBXGroup;
			children = (
				D054DC3613E874820005B88E /* Constants.h */,
				D054DC3713E874820005B88E /* Constants.m */,
				D0A0E34513E873F000601B8D /* AppDelegate.h */,
				D0A0E34613E873F000601B8D /* AppDelegate.m */,
				D0A0E34E13E873F000601B8D /* AWSiOSDemoViewController.xib */,
				D0A0E34B13E873F000601B8D /* AWSiOSDemoViewController.h */,
				D0A0E34C13E873F000601B8D /* AWSiOSDemoViewController.m */,
				D054DC3013E874820005B88E /* AmazonClientManager.h */,
				D054DC3113E874820005B88E /* AmazonClientManager.m */,
				D054DC3813E874820005B88E /* S3 */,
			);
			path = Classes;
			sourceTree = "<group>";
		};
		D054DC3813E874820005B88E /* S3 */ = {
			isa = PBXGroup;
			children = (
				D054DC3F13E874820005B88E /* BucketList.h */,
				D054DC4013E874820005B88E /* BucketList.m */,
				D054DC3B13E874820005B88E /* AddBucketViewController.xib */,
				D054DC3913E874820005B88E /* AddBucketViewController.h */,
				D054DC3A13E874820005B88E /* AddBucketViewController.m */,
				D054DC4213E874820005B88E /* ObjectListing.h */,
				D054DC4313E874820005B88E /* ObjectListing.m */,
				D054DC3E13E874820005B88E /* AddObjectViewController.xib */,
				D054DC3C13E874820005B88E /* AddObjectViewController.h */,
				D054DC3D13E874820005B88E /* AddObjectViewController.m */,
				D054DC4713E874820005B88E /* ObjectViewController.xib */,
				D054DC4513E874820005B88E /* ObjectViewController.h */,
				D054DC4613E874820005B88E /* ObjectViewController.m */,
				D054DC4B13E874820005B88E /* S3ResponseHandler.h */,
				D054DC4C13E874820005B88E /* S3ResponseHandler.m */,
			);
			path = S3;
			sourceTree = "<group>";
		};
		D0A0E32713E873F000601B8D = {
			isa = PBXGroup;
			children = (
				D0A0E33C13E873F000601B8D /* AWS-S3 */,
				D0A0E33513E873F000601B8D /* Frameworks */,
				D0A0E33313E873F000601B8D /* Products */,
			);
			sourceTree = "<group>";
		};
		D0A0E33313E873F000601B8D /* Products */ = {
			isa = PBXGroup;
			children = (
				D0A0E33213E873F000601B8D /* AWS-S3.app */,
			);
			name = Products;
			sourceTree = "<group>";
		};
		D0A0E33513E873F000601B8D /* Frameworks */ = {
			isa = PBXGroup;
			children = (
				223CEF6616FA2FF100827DE4 /* AWSiOSSDK.framework */,
				D0A0E33613E873F000601B8D /* UIKit.framework */,
				D0A0E33813E873F000601B8D /* Foundation.framework */,
				D0A0E33A13E873F000601B8D /* CoreGraphics.framework */,
			);
			name = Frameworks;
			sourceTree = "<group>";
		};
		D0A0E33C13E873F000601B8D /* AWS-S3 */ = {
			isa = PBXGroup;
			children = (
				D054DC2F13E874820005B88E /* Classes */,
				D0A0E33D13E873F000601B8D /* Supporting Files */,
			);
			name = "AWS-S3";
			path = AWSiOSDemo;
			sourceTree = "<group>";
		};
		D0A0E33D13E873F000601B8D /* Supporting Files */ = {
			isa = PBXGroup;
			children = (
				22ED2A8216C79EB200A8A05F /* 57x57-aws.png */,
				22ED2A8016C79EAB00A8A05F /* 114x114-aws.png */,
				D0A0E33E13E873F000601B8D /* Info.plist */,
				D0A0E33F13E873F000601B8D /* InfoPlist.strings */,
				D0A0E34213E873F000601B8D /* AWS-S3-Prefix.pch */,
				D0A0E34313E873F000601B8D /* main.m */,
				CE65E7D6160B9223000F1A54 /* Default-568h@2x.png */,
			);
			name = "Supporting Files";
			sourceTree = "<group>";
		};
/* End PBXGroup section */

/* Begin PBXNativeTarget section */
		D0A0E33113E873F000601B8D /* AWS-S3 */ = {
			isa = PBXNativeTarget;
			buildConfigurationList = D0A0E35313E873F000601B8D /* Build configuration list for PBXNativeTarget "AWS-S3" */;
			buildPhases = (
				D0A0E32E13E873F000601B8D /* Sources */,
				D0A0E32F13E873F000601B8D /* Frameworks */,
				D0A0E33013E873F000601B8D /* Resources */,
			);
			buildRules = (
			);
			dependencies = (
			);
			name = "AWS-S3";
			productName = AWSiOSDemo;
			productReference = D0A0E33213E873F000601B8D /* AWS-S3.app */;
			productType = "com.apple.product-type.application";
		};
/* End PBXNativeTarget section */

/* Begin PBXProject section */
		D0A0E32913E873F000601B8D /* Project object */ = {
			isa = PBXProject;
			attributes = {
				LastUpgradeCheck = 0420;
			};
			buildConfigurationList = D0A0E32C13E873F000601B8D /* Build configuration list for PBXProject "AWS-S3" */;
			compatibilityVersion = "Xcode 3.2";
			developmentRegion = English;
			hasScannedForEncodings = 0;
			knownRegions = (
				en,
			);
			mainGroup = D0A0E32713E873F000601B8D;
			productRefGroup = D0A0E33313E873F000601B8D /* Products */;
			projectDirPath = "";
			projectRoot = "";
			targets = (
				D0A0E33113E873F000601B8D /* AWS-S3 */,
			);
		};
/* End PBXProject section */

/* Begin PBXResourcesBuildPhase section */
		D0A0E33013E873F000601B8D /* Resources */ = {
			isa = PBXResourcesBuildPhase;
			buildActionMask = 2147483647;
			files = (
				D0A0E34113E873F000601B8D /* InfoPlist.strings in Resources */,
				D0A0E35013E873F000601B8D /* AWSiOSDemoViewController.xib in Resources */,
				D054DC7613E874820005B88E /* AddBucketViewController.xib in Resources */,
				D054DC7813E874820005B88E /* AddObjectViewController.xib in Resources */,
				D054DC7E13E874820005B88E /* ObjectViewController.xib in Resources */,
				CE65E7D7160B9223000F1A54 /* Default-568h@2x.png in Resources */,
				22ED2A8116C79EAB00A8A05F /* 114x114-aws.png in Resources */,
				22ED2A8316C79EB200A8A05F /* 57x57-aws.png in Resources */,
			);
			runOnlyForDeploymentPostprocessing = 0;
		};
/* End PBXResourcesBuildPhase section */

/* Begin PBXSourcesBuildPhase section */
		D0A0E32E13E873F000601B8D /* Sources */ = {
			isa = PBXSourcesBuildPhase;
			buildActionMask = 2147483647;
			files = (
				D0A0E34413E873F000601B8D /* main.m in Sources */,
				D0A0E34713E873F000601B8D /* AppDelegate.m in Sources */,
				D0A0E34D13E873F000601B8D /* AWSiOSDemoViewController.m in Sources */,
				D054DC7113E874820005B88E /* AmazonClientManager.m in Sources */,
				D054DC7413E874820005B88E /* Constants.m in Sources */,
				D054DC7513E874820005B88E /* AddBucketViewController.m in Sources */,
				D054DC7713E874820005B88E /* AddObjectViewController.m in Sources */,
				D054DC7913E874820005B88E /* BucketList.m in Sources */,
				D054DC7B13E874820005B88E /* ObjectListing.m in Sources */,
				D054DC7D13E874820005B88E /* ObjectViewController.m in Sources */,
				D054DC8113E874820005B88E /* S3ResponseHandler.m in Sources */,
			);
			runOnlyForDeploymentPostprocessing = 0;
		};
/* End PBXSourcesBuildPhase section */

/* Begin PBXVariantGroup section */
		D0A0E33F13E873F000601B8D /* InfoPlist.strings */ = {
			isa = PBXVariantGroup;
			children = (
				D0A0E34013E873F000601B8D /* en */,
			);
			name = InfoPlist.strings;
			sourceTree = "<group>";
		};
		D0A0E34E13E873F000601B8D /* AWSiOSDemoViewController.xib */ = {
			isa = PBXVariantGroup;
			children = (
				D0A0E34F13E873F000601B8D /* en */,
			);
			name = AWSiOSDemoViewController.xib;
			path = ..;
			sourceTree = "<group>";
		};
/* End PBXVariantGroup section */

/* Begin XCBuildConfiguration section */
		D0A0E35113E873F000601B8D /* Debug */ = {
			isa = XCBuildConfiguration;
			buildSettings = {
				ARCHS = "$(ARCHS_STANDARD_32_BIT)";
				"CODE_SIGN_IDENTITY[sdk=iphoneos*]" = "iPhone Developer";
				GCC_C_LANGUAGE_STANDARD = gnu99;
				GCC_OPTIMIZATION_LEVEL = 0;
				GCC_PREPROCESSOR_DEFINITIONS = DEBUG;
				GCC_SYMBOLS_PRIVATE_EXTERN = NO;
				GCC_VERSION = com.apple.compilers.llvmgcc42;
				GCC_WARN_ABOUT_RETURN_TYPE = YES;
				GCC_WARN_UNUSED_VARIABLE = YES;
				IPHONEOS_DEPLOYMENT_TARGET = 4.3;
				SDKROOT = iphoneos;
			};
			name = Debug;
		};
		D0A0E35213E873F000601B8D /* Release */ = {
			isa = XCBuildConfiguration;
			buildSettings = {
				ARCHS = "$(ARCHS_STANDARD_32_BIT)";
				"CODE_SIGN_IDENTITY[sdk=iphoneos*]" = "iPhone Developer";
				GCC_C_LANGUAGE_STANDARD = gnu99;
				GCC_VERSION = com.apple.compilers.llvmgcc42;
				GCC_WARN_ABOUT_RETURN_TYPE = YES;
				GCC_WARN_UNUSED_VARIABLE = YES;
				IPHONEOS_DEPLOYMENT_TARGET = 4.3;
				OTHER_CFLAGS = "-DNS_BLOCK_ASSERTIONS=1";
				SDKROOT = iphoneos;
			};
			name = Release;
		};
		D0A0E35413E873F000601B8D /* Debug */ = {
			isa = XCBuildConfiguration;
			buildSettings = {
				ALWAYS_SEARCH_USER_PATHS = NO;
				COPY_PHASE_STRIP = NO;
				FRAMEWORK_SEARCH_PATHS = (
					"$(inherited)",
					"\"$(SRCROOT)/../..\"",
					"\"$(SRCROOT)\"",
					"\"$(SRCROOT)/..\"",
				);
				GCC_DYNAMIC_NO_PIC = NO;
				GCC_PRECOMPILE_PREFIX_HEADER = YES;
				GCC_PREFIX_HEADER = "AWSiOSDemo/AWS-S3-Prefix.pch";
				GCC_VERSION = com.apple.compilers.llvm.clang.1_0;
				INFOPLIST_FILE = "$(SRCROOT)/AWSiOSDemo/Info.plist";
				PRODUCT_NAME = "AWS-S3";
				WRAPPER_EXTENSION = app;
			};
			name = Debug;
		};
		D0A0E35513E873F000601B8D /* Release */ = {
			isa = XCBuildConfiguration;
			buildSettings = {
				ALWAYS_SEARCH_USER_PATHS = NO;
				COPY_PHASE_STRIP = YES;
				FRAMEWORK_SEARCH_PATHS = (
					"$(inherited)",
					"\"$(SRCROOT)/../..\"",
					"\"$(SRCROOT)\"",
					"\"$(SRCROOT)/..\"",
				);
				GCC_PRECOMPILE_PREFIX_HEADER = YES;
				GCC_PREFIX_HEADER = "AWSiOSDemo/AWS-S3-Prefix.pch";
				GCC_VERSION = com.apple.compilers.llvm.clang.1_0;
				INFOPLIST_FILE = "$(SRCROOT)/AWSiOSDemo/Info.plist";
				PRODUCT_NAME = "AWS-S3";
				VALIDATE_PRODUCT = YES;
				WRAPPER_EXTENSION = app;
			};
			name = Release;
		};
/* End XCBuildConfiguration section */

/* Begin XCConfigurationList section */
		D0A0E32C13E873F000601B8D /* Build configuration list for PBXProject "AWS-S3" */ = {
			isa = XCConfigurationList;
			buildConfigurations = (
				D0A0E35113E873F000601B8D /* Debug */,
				D0A0E35213E873F000601B8D /* Release */,
			);
			defaultConfigurationIsVisible = 0;
			defaultConfigurationName = Release;
		};
		D0A0E35313E873F000601B8D /* Build configuration list for PBXNativeTarget "AWS-S3" */ = {
			isa = XCConfigurationList;
			buildConfigurations = (
				D0A0E35413E873F000601B8D /* Debug */,
				D0A0E35513E873F000601B8D /* Release */,
			);
			defaultConfigurationIsVisible = 0;
			defaultConfigurationName = Release;
		};
/* End XCConfigurationList section */
	};
	rootObject = D0A0E32913E873F000601B8D /* Project object */;
}
